{
  "lockfile_version": "1",
  "packages": {
    "deno@1.43.1": {
      "last_modified": "2024-05-06T06:27:37Z",
      "resolved": "github:NixOS/nixpkgs/dd1290b0f857782a60b251f89651c831cd3eef9d#deno",
      "source": "devbox-search",
      "version": "1.43.1",
      "systems": {
        "aarch64-darwin": {
          "outputs": [
            {
              "name": "out",
              "path": "/nix/store/kc5aglf91zj78jw4837nazlgr6ys33cp-deno-1.43.1",
              "default": true
            }
          ],
          "store_path": "/nix/store/kc5aglf91zj78jw4837nazlgr6ys33cp-deno-1.43.1"
        },
        "aarch64-linux": {
          "outputs": [
            {
              "name": "out",
              "path": "/nix/store/c0bg2vwn4mlx0dvaysl67rn5yf73hi40-deno-1.43.1",
              "default": true
            }
          ],
          "store_path": "/nix/store/c0bg2vwn4mlx0dvaysl67rn5yf73hi40-deno-1.43.1"
        },
        "x86_64-darwin": {
          "outputs": [
            {
              "name": "out",
              "path": "/nix/store/jzhp7f068y0ph8vyhrwvy86y4lfh969s-deno-1.43.1",
              "default": true
            }
          ],
          "store_path": "/nix/store/jzhp7f068y0ph8vyhrwvy86y4lfh969s-deno-1.43.1"
        },
        "x86_64-linux": {
          "outputs": [
            {
              "name": "out",
              "path": "/nix/store/vvq3r8xjg85892anwj74n154ail9bfs6-deno-1.43.1",
              "default": true
            }
          ],
          "store_path": "/nix/store/vvq3r8xjg85892anwj74n154ail9bfs6-deno-1.43.1"
        }
      }
    },
    "opencv@4.6.0": {
      "last_modified": "2022-12-17T09:19:40Z",
      "resolved": "github:NixOS/nixpkgs/80c24eeb9ff46aa99617844d0c4168659e35175f#opencv",
      "source": "devbox-search",
      "version": "4.6.0",
      "systems": {
        "aarch64-darwin": {
          "outputs": [
            {
              "name": "out",
              "path": "/nix/store/6csxf267wbdjfx7liqim3qsf2x8c2m12-opencv-4.6.0",
              "default": true
            }
          ],
          "store_path": "/nix/store/6csxf267wbdjfx7liqim3qsf2x8c2m12-opencv-4.6.0"
        },
        "aarch64-linux": {
          "outputs": [
            {
              "name": "out",
              "path": "/nix/store/kszqyyic4lixhyvvsh44zikd5wvyalgy-opencv-4.6.0",
              "default": true
            }
          ],
          "store_path": "/nix/store/kszqyyic4lixhyvvsh44zikd5wvyalgy-opencv-4.6.0"
        },
        "x86_64-darwin": {
          "outputs": [
            {
              "name": "out",
              "path": "/nix/store/54922bgl2zh411jrgyk3mifza45ab7wh-opencv-4.6.0",
              "default": true
            }
          ],
          "store_path": "/nix/store/54922bgl2zh411jrgyk3mifza45ab7wh-opencv-4.6.0"
        },
        "x86_64-linux": {
          "outputs": [
            {
              "name": "out",
              "path": "/nix/store/ncgql223yw95pzqbk366k547hcrgvyfy-opencv-4.6.0",
              "default": true
            }
          ],
          "store_path": "/nix/store/ncgql223yw95pzqbk366k547hcrgvyfy-opencv-4.6.0"
        }
      }
    },
    "pkg-config@latest": {
      "last_modified": "2024-05-04T07:54:21Z",
      "resolved": "github:NixOS/nixpkgs/d32560238207b8e26d88b265207b216ee46b8450#pkg-config",
      "source": "devbox-search",
      "version": "0.29.2",
      "systems": {
        "aarch64-darwin": {
          "outputs": [
            {
              "name": "out",
              "path": "/nix/store/s33ia4rw83qw13825vc89k25cr9nxy0f-pkg-config-wrapper-0.29.2",
              "default": true
            },
            {
              "name": "man",
              "path": "/nix/store/rnxc8xzqr3md2vrkjskchxmlazgb3l3i-pkg-config-wrapper-0.29.2-man",
              "default": true
            },
            {
              "name": "doc",
              "path": "/nix/store/4svv41yk5fzcp1x6bs7xasv7h0mna7c3-pkg-config-wrapper-0.29.2-doc"
            }
          ],
          "store_path": "/nix/store/s33ia4rw83qw13825vc89k25cr9nxy0f-pkg-config-wrapper-0.29.2"
        },
        "aarch64-linux": {
          "outputs": [
            {
              "name": "out",
              "path": "/nix/store/v9si32s1fpy731gxyajg3i25j5h3f4rx-pkg-config-wrapper-0.29.2",
              "default": true
            },
            {
              "name": "man",
              "path": "/nix/store/hqphl7p5sdv1g79i52yd85hhii4r8859-pkg-config-wrapper-0.29.2-man",
              "default": true
            },
            {
              "name": "doc",
              "path": "/nix/store/wrawz739fsziria5w8sdlqd2wamazn14-pkg-config-wrapper-0.29.2-doc"
            }
          ],
          "store_path": "/nix/store/v9si32s1fpy731gxyajg3i25j5h3f4rx-pkg-config-wrapper-0.29.2"
        },
        "x86_64-darwin": {
          "outputs": [
            {
              "name": "out",
              "path": "/nix/store/nk81ai038lb8q78n6bsgkhz8vx9hcn9d-pkg-config-wrapper-0.29.2",
              "default": true
            },
            {
              "name": "man",
              "path": "/nix/store/5rkzrb2p6dc44pizmk76fzd7ifmjvh11-pkg-config-wrapper-0.29.2-man",
              "default": true
            },
            {
              "name": "doc",
              "path": "/nix/store/bs457hmx9lx99qx0qh6ph003hr1q0i13-pkg-config-wrapper-0.29.2-doc"
            }
          ],
          "store_path": "/nix/store/nk81ai038lb8q78n6bsgkhz8vx9hcn9d-pkg-config-wrapper-0.29.2"
        },
        "x86_64-linux": {
          "outputs": [
            {
              "name": "out",
              "path": "/nix/store/vbk2n3094zyl9ywijks6a3d7s2i6wnfm-pkg-config-wrapper-0.29.2",
              "default": true
            },
            {
              "name": "man",
              "path": "/nix/store/x8kzkbimqw5b1x1fbfwvf8saa5mw19rv-pkg-config-wrapper-0.29.2-man",
              "default": true
            },
            {
              "name": "doc",
              "path": "/nix/store/asy5zvhg8qb4dzsh6gdwd9450v7lcpb8-pkg-config-wrapper-0.29.2-doc"
            }
          ],
          "store_path": "/nix/store/vbk2n3094zyl9ywijks6a3d7s2i6wnfm-pkg-config-wrapper-0.29.2"
        }
      }
    },
    "unzip@latest": {
      "last_modified": "2024-05-01T20:12:28Z",
      "resolved": "github:NixOS/nixpkgs/1c74cc292b61614e74c1cf0d372f79d57fb4936b#unzip",
      "source": "devbox-search",
      "version": "6.0",
      "systems": {
        "aarch64-darwin": {
          "outputs": [
            {
              "name": "out",
              "path": "/nix/store/15cnd2jl4nkyk82lizkpg5b9hjfznaa3-unzip-6.0",
              "default": true
            }
          ],
          "store_path": "/nix/store/15cnd2jl4nkyk82lizkpg5b9hjfznaa3-unzip-6.0"
        },
        "aarch64-linux": {
          "outputs": [
            {
              "name": "out",
              "path": "/nix/store/5w8y1jggrx6zwnjahg8ms0x7i5p8xrdh-unzip-6.0",
              "default": true
            }
          ],
          "store_path": "/nix/store/5w8y1jggrx6zwnjahg8ms0x7i5p8xrdh-unzip-6.0"
        },
        "x86_64-darwin": {
          "outputs": [
            {
              "name": "out",
              "path": "/nix/store/ixbd88yizic7kkdfrvvxwnyx2ahr5v9k-unzip-6.0",
              "default": true
            }
          ],
          "store_path": "/nix/store/ixbd88yizic7kkdfrvvxwnyx2ahr5v9k-unzip-6.0"
        },
        "x86_64-linux": {
          "outputs": [
            {
              "name": "out",
              "path": "/nix/store/awd6bmx4i7z2izj8ri5qjddpbw65lnnq-unzip-6.0",
              "default": true
            }
          ],
          "store_path": "/nix/store/awd6bmx4i7z2izj8ri5qjddpbw65lnnq-unzip-6.0"
        }
      }
    },
    "zig@0.12.0": {
      "last_modified": "2024-05-03T15:42:32Z",
      "resolved": "github:NixOS/nixpkgs/5fd8536a9a5932d4ae8de52b7dc08d92041237fc#zig",
      "source": "devbox-search",
      "version": "0.12.0",
      "systems": {
        "aarch64-darwin": {
          "outputs": [
            {
              "name": "out",
              "path": "/nix/store/vi8yzi9z4h5yd50x5acbqmzvmycbj0rk-zig-0.12.0",
              "default": true
            },
            {
              "name": "doc",
              "path": "/nix/store/g4197ci70709ymms50wj4qbwk2y8qvhw-zig-0.12.0-doc"
            }
          ],
          "store_path": "/nix/store/vi8yzi9z4h5yd50x5acbqmzvmycbj0rk-zig-0.12.0"
        },
        "aarch64-linux": {
          "outputs": [
            {
              "name": "out",
              "path": "/nix/store/9bjqm66ld7ancc2f3wd7zkm2fps2597w-zig-0.12.0",
              "default": true
            },
            {
              "name": "doc",
              "path": "/nix/store/ridqx1zsrhmkjkj9xldliyvbqh5n0j1h-zig-0.12.0-doc"
            }
          ],
          "store_path": "/nix/store/9bjqm66ld7ancc2f3wd7zkm2fps2597w-zig-0.12.0"
        },
        "x86_64-darwin": {
          "outputs": [
            {
              "name": "out",
              "path": "/nix/store/k97fxizvm8w3vdinh7vzhqa5c9azp707-zig-0.12.0",
              "default": true
            },
            {
              "name": "doc",
              "path": "/nix/store/2rrjk6b9l51lk47safklkzm4qf7ly7cr-zig-0.12.0-doc"
            }
          ],
          "store_path": "/nix/store/k97fxizvm8w3vdinh7vzhqa5c9azp707-zig-0.12.0"
        },
        "x86_64-linux": {
          "outputs": [
            {
              "name": "out",
              "path": "/nix/store/580ifd6zgicd64454fg7bhaa2i78lvm1-zig-0.12.0",
              "default": true
            },
            {
              "name": "doc",
              "path": "/nix/store/scgn17irzrbn18lg5qpgm21agf60b809-zig-0.12.0-doc"
            }
          ],
          "store_path": "/nix/store/580ifd6zgicd64454fg7bhaa2i78lvm1-zig-0.12.0"
        }
      }
    },
    "zls@0.12.0": {
      "last_modified": "2024-05-03T15:42:32Z",
      "resolved": "github:NixOS/nixpkgs/5fd8536a9a5932d4ae8de52b7dc08d92041237fc#zls",
      "source": "devbox-search",
      "version": "0.12.0",
      "systems": {
        "aarch64-darwin": {
          "outputs": [
            {
              "name": "out",
              "path": "/nix/store/hvkhksikln3drp46wrq1pm8s4kkk0mrj-zls-0.12.0",
              "default": true
            }
          ],
          "store_path": "/nix/store/hvkhksikln3drp46wrq1pm8s4kkk0mrj-zls-0.12.0"
        },
        "aarch64-linux": {
          "outputs": [
            {
              "name": "out",
              "path": "/nix/store/b779j3k4kkrn3j91dlz64s6x99ifqyjd-zls-0.12.0",
              "default": true
            }
          ],
          "store_path": "/nix/store/b779j3k4kkrn3j91dlz64s6x99ifqyjd-zls-0.12.0"
        },
        "x86_64-darwin": {
          "outputs": [
            {
              "name": "out",
              "path": "/nix/store/a4gjw45w9cq9fxfx7a3g5cvcqr9rmw7l-zls-0.12.0",
              "default": true
            }
          ],
          "store_path": "/nix/store/a4gjw45w9cq9fxfx7a3g5cvcqr9rmw7l-zls-0.12.0"
        },
        "x86_64-linux": {
          "outputs": [
            {
              "name": "out",
              "path": "/nix/store/jy59c1m1rlfrzl8baqld494xdbxhwr4b-zls-0.12.0",
              "default": true
            }
          ],
          "store_path": "/nix/store/jy59c1m1rlfrzl8baqld494xdbxhwr4b-zls-0.12.0"
        }
      }
    }
  }
}
